[[package]]
category = "main"
description = "DNS toolkit"
name = "dnspython"
optional = false
python-versions = ">=3.6"
version = "2.0.0"

[package.extras]
curio = ["curio (>=1.2)", "sniffio (>=1.1)"]
dnssec = ["cryptography (>=2.6)"]
doh = ["requests", "requests-toolbelt"]
idna = ["idna (>=2.1)"]
trio = ["trio (>=0.14.0)", "sniffio (>=1.1)"]

[[package]]
category = "main"
description = "Cross-platform lib for process and system monitoring in Python."
name = "psutil"
optional = false
python-versions = ">=2.6, !=3.0.*, !=3.1.*, !=3.2.*, !=3.3.*"
version = "5.7.3"

[package.extras]
test = ["ipaddress", "mock", "unittest2", "enum34", "pywin32", "wmi"]

[[package]]
category = "main"
description = "Python driver for MongoDB <http://www.mongodb.org>"
name = "pymongo"
optional = false
python-versions = "*"
version = "3.11.1"

[package.extras]
aws = ["pymongo-auth-aws (<2.0.0)"]
encryption = ["pymongocrypt (<2.0.0)"]
gssapi = ["pykerberos"]
ocsp = ["pyopenssl (>=17.2.0)", "requests (<3.0.0)", "service-identity (>=18.1.0)"]
snappy = ["python-snappy"]
srv = ["dnspython (>=1.16.0,<1.17.0)"]
tls = ["ipaddress"]
zstd = ["zstandard"]

[metadata]
content-hash = "14d767959554ff676465b06ba40bdc1747d3eeaae522ad2e21d076f3729a5a7a"
python-versions = "^3.6"

[metadata.files]
dnspython = [
    {file = "dnspython-2.0.0-py3-none-any.whl", hash = "sha256:40bb3c24b9d4ec12500f0124288a65df232a3aa749bb0c39734b782873a2544d"},
    {file = "dnspython-2.0.0.zip", hash = "sha256:044af09374469c3a39eeea1a146e8cac27daec951f1f1f157b1962fc7cb9d1b7"},
]
psutil = [
    {file = "psutil-5.7.3-cp27-none-win32.whl", hash = "sha256:1cd6a0c9fb35ece2ccf2d1dd733c1e165b342604c67454fd56a4c12e0a106787"},
    {file = "psutil-5.7.3-cp27-none-win_amd64.whl", hash = "sha256:e02c31b2990dcd2431f4524b93491941df39f99619b0d312dfe1d4d530b08b4b"},
    {file = "psutil-5.7.3-cp35-cp35m-win32.whl", hash = "sha256:56c85120fa173a5d2ad1d15a0c6e0ae62b388bfb956bb036ac231fbdaf9e4c22"},
    {file = "psutil-5.7.3-cp35-cp35m-win_amd64.whl", hash = "sha256:fa38ac15dbf161ab1e941ff4ce39abd64b53fec5ddf60c23290daed2bc7d1157"},
    {file = "psutil-5.7.3-cp36-cp36m-win32.whl", hash = "sha256:01bc82813fbc3ea304914581954979e637bcc7084e59ac904d870d6eb8bb2bc7"},
    {file = "psutil-5.7.3-cp36-cp36m-win_amd64.whl", hash = "sha256:6a3e1fd2800ca45083d976b5478a2402dd62afdfb719b30ca46cd28bb25a2eb4"},
    {file = "psutil-5.7.3-cp37-cp37m-win32.whl", hash = "sha256:fbcac492cb082fa38d88587d75feb90785d05d7e12d4565cbf1ecc727aff71b7"},
    {file = "psutil-5.7.3-cp37-cp37m-win_amd64.whl", hash = "sha256:5d9106ff5ec2712e2f659ebbd112967f44e7d33f40ba40530c485cc5904360b8"},
    {file = "psutil-5.7.3-cp38-cp38-win32.whl", hash = "sha256:ade6af32eb80a536eff162d799e31b7ef92ddcda707c27bbd077238065018df4"},
    {file = "psutil-5.7.3-cp38-cp38-win_amd64.whl", hash = "sha256:2cb55ef9591b03ef0104bedf67cc4edb38a3edf015cf8cf24007b99cb8497542"},
    {file = "psutil-5.7.3.tar.gz", hash = "sha256:af73f7bcebdc538eda9cc81d19db1db7bf26f103f91081d780bbacfcb620dee2"},
]
pymongo = [
    {file = "pymongo-3.11.1-cp27-cp27m-macosx_10_14_intel.whl", hash = "sha256:016e8162b57e2a45cb8d2356f39795ccff2ee65fd79fe078de4f9aa78ef1994b"},
    {file = "pymongo-3.11.1-cp27-cp27m-manylinux1_i686.whl", hash = "sha256:f1ee136a8648cd76b44afdff99096823e68be90d02188d30e2ccd00b58e9b353"},
    {file = "pymongo-3.11.1-cp27-cp27m-manylinux1_x86_64.whl", hash = "sha256:0b5aa85a04efcf22c176de25e3fce675510d7700f523728fa9485d576db41358"},
    {file = "pymongo-3.11.1-cp27-cp27m-win32.whl", hash = "sha256:9f672a8b5972a2db3284f8c0324dcaaeceedead9b4e5c836e93092b599f2dbf0"},
    {file = "pymongo-3.11.1-cp27-cp27m-win_amd64.whl", hash = "sha256:be124527bfc30869e8a17915e1e960150757553d58c98e56c598fbb85697e32e"},
    {file = "pymongo-3.11.1-cp27-cp27mu-manylinux1_i686.whl", hash = "sha256:4da19b5c555cf1d8b8a0b980d9c97b1b0f27e05bcf278bf64cc6c30b697a59f9"},
    {file = "pymongo-3.11.1-cp27-cp27mu-manylinux1_x86_64.whl", hash = "sha256:e3158d2824391c52020d67e629d2586af774b543a75dc9f64eb830991ac2776e"},
    {file = "pymongo-3.11.1-cp34-cp34m-macosx_10_6_intel.whl", hash = "sha256:d349cfc776f8859c2f99ff916e307555f5615ffabfbd6162f3822f21aa1e22ed"},
    {file = "pymongo-3.11.1-cp34-cp34m-manylinux1_i686.whl", hash = "sha256:e6e6089393646c1ef865484c27871d52ead69641dce5b53cbae2096cec615151"},
    {file = "pymongo-3.11.1-cp34-cp34m-manylinux1_x86_64.whl", hash = "sha256:5a88fad3dcfaa222383ceb53af9a030a841ad998636648a748d79515c8afb6b4"},
    {file = "pymongo-3.11.1-cp34-cp34m-win32.whl", hash = "sha256:e83d61f9a247344c701147934f203117c3064c982d35396565a6ca8356bc0ea9"},
    {file = "pymongo-3.11.1-cp34-cp34m-win_amd64.whl", hash = "sha256:dbc23ece1b111a10eb6d2475a7726b70418303d2e05078d223e7f97b286745a7"},
    {file = "pymongo-3.11.1-cp35-cp35m-macosx_10_6_intel.whl", hash = "sha256:4cc8cf971ee53ad65e53b80a6f611070dbe55640b447ae9b2b98329aebd21155"},
    {file = "pymongo-3.11.1-cp35-cp35m-manylinux1_i686.whl", hash = "sha256:bb3f19af1949cbf93b17021c8c61e14e697c3f5c8923134b085dcef9d271b699"},
    {file = "pymongo-3.11.1-cp35-cp35m-manylinux1_x86_64.whl", hash = "sha256:319f1b5a8373e280026905093aaacf4cca858a9ae653e456b9f9f9ad5f308088"},
    {file = "pymongo-3.11.1-cp35-cp35m-manylinux2014_aarch64.whl", hash = "sha256:eebe522043450e8cf83ab7be2fc0268dfe702de586970d752cb012d6ce72309f"},
    {file = "pymongo-3.11.1-cp35-cp35m-manylinux2014_i686.whl", hash = "sha256:17a3b2148b9e0914dc5f0d6a5c636f81dc4b428b80ea45576f79cfe619844c6d"},
    {file = "pymongo-3.11.1-cp35-cp35m-manylinux2014_ppc64le.whl", hash = "sha256:5012342f457a544818254a89f7e7a4ecd05c4eaa89ed68ae58727039c92ff0f7"},
    {file = "pymongo-3.11.1-cp35-cp35m-manylinux2014_s390x.whl", hash = "sha256:74b6e8e240e53518a701f4cd56a518c8de2631d6019e93295499db15cf46d973"},
    {file = "pymongo-3.11.1-cp35-cp35m-manylinux2014_x86_64.whl", hash = "sha256:e6d72517fa7370841981770c3802e7a8ca7e94ead1fba9981349fbe8e539f7eb"},
    {file = "pymongo-3.11.1-cp35-cp35m-win32.whl", hash = "sha256:a6bf56c1f6d13b0e22db604c73fba6feca088fe7f6aa978cc215f83e2005d765"},
    {file = "pymongo-3.11.1-cp35-cp35m-win_amd64.whl", hash = "sha256:079a30c21d3c334ee65581a8cac5380e94521970423996c5b18a7c550230d94c"},
    {file = "pymongo-3.11.1-cp36-cp36m-macosx_10_6_intel.whl", hash = "sha256:78d4142116d6d910f1c195f3253b6209f21bb1b06fb6c6ebf90cbf80518c4071"},
    {file = "pymongo-3.11.1-cp36-cp36m-manylinux1_i686.whl", hash = "sha256:3b8076ff801dca0920f1b5c76a0e062dc26bb76de7e79efcf347c3a5ff776127"},
    {file = "pymongo-3.11.1-cp36-cp36m-manylinux1_x86_64.whl", hash = "sha256:b6282855f9193f4e7ae07c2d138b583d487d0e66add62eda7013365815188ce9"},
    {file = "pymongo-3.11.1-cp36-cp36m-manylinux2014_aarch64.whl", hash = "sha256:5fc04e445e58103bfddb601822ab355ffb8fb760142593e2b0f20c3940859352"},
    {file = "pymongo-3.11.1-cp36-cp36m-manylinux2014_i686.whl", hash = "sha256:f648d58915eb339329741296599fb25bc2a76474e64bdfeae4423ae83b312fb8"},
    {file = "pymongo-3.11.1-cp36-cp36m-manylinux2014_ppc64le.whl", hash = "sha256:2542b21b08dc30bf0a69de55a42225f25b0af0dea7852edf2011952abb50e7b4"},
    {file = "pymongo-3.11.1-cp36-cp36m-manylinux2014_s390x.whl", hash = "sha256:1529b23a51ef8613712b3e19225690564955250932d58487af6c060413ce0f1f"},
    {file = "pymongo-3.11.1-cp36-cp36m-manylinux2014_x86_64.whl", hash = "sha256:e9d7af8f668d2880fff8539188694e75e0b91d37174672a59dc5c5a0fea9f60d"},
    {file = "pymongo-3.11.1-cp36-cp36m-win32.whl", hash = "sha256:cc375f5cea8635597c21ff6bc61486ebe5dca5e662982c9e2b58a9106f92b56e"},
    {file = "pymongo-3.11.1-cp36-cp36m-win_amd64.whl", hash = "sha256:aacc9b646e142e7d32b88f0dccc6ab28f669ecf3ccc7212a274b99c83e228ef1"},
    {file = "pymongo-3.11.1-cp37-cp37m-macosx_10_6_intel.whl", hash = "sha256:b3b939780963164086fc256436c1bf9301d4c5c99026e2c281b21237234aaa2c"},
    {file = "pymongo-3.11.1-cp37-cp37m-manylinux1_i686.whl", hash = "sha256:1f5fabe75c9b7eb5a42dac9717f952a879ab3705bcf7e9ef744cdbdfd37bcf3d"},
    {file = "pymongo-3.11.1-cp37-cp37m-manylinux1_x86_64.whl", hash = "sha256:8becbccb58b7b37ce2aa5f387f298914ec520747f11edfbc31347bd2ba7e3481"},
    {file = "pymongo-3.11.1-cp37-cp37m-manylinux2014_aarch64.whl", hash = "sha256:9a5667eb4bc9ed805d1a06ca8b5ff7ee25df666b05cbb8f58f9ac16cac243d0b"},
    {file = "pymongo-3.11.1-cp37-cp37m-manylinux2014_i686.whl", hash = "sha256:e5b4ba4939c2ab6550ecef1ccd7b00537de7a7e18a8f03bce0fc4786111b4d47"},
    {file = "pymongo-3.11.1-cp37-cp37m-manylinux2014_ppc64le.whl", hash = "sha256:6e7b2b589a600f467e9159df907638c2d08aca46b0f74d88ceeaa185abd9069b"},
    {file = "pymongo-3.11.1-cp37-cp37m-manylinux2014_s390x.whl", hash = "sha256:c7953352bc27ac5fbf79d43ef7bf576ad06fa06c0ae0d6ad7c36b14cd596d565"},
    {file = "pymongo-3.11.1-cp37-cp37m-manylinux2014_x86_64.whl", hash = "sha256:2bcbde25342fa0991b0c144c8eafadc77e605e7940bf462922f6d550f88d6777"},
    {file = "pymongo-3.11.1-cp37-cp37m-win32.whl", hash = "sha256:0dd8c0367639cd5cf84be91af6b733076119745aea6e53fdf9e581819d911eac"},
    {file = "pymongo-3.11.1-cp37-cp37m-win_amd64.whl", hash = "sha256:ae0403befca6a9088be702c1d94fc1b17c333cd84a43328c973d223991c41936"},
    {file = "pymongo-3.11.1-cp38-cp38-macosx_10_9_x86_64.whl", hash = "sha256:c756d00b728f0d5ec65519d9005389fea519b2ad3aef0896c49ce80e6da8b547"},
    {file = "pymongo-3.11.1-cp38-cp38-manylinux1_i686.whl", hash = "sha256:fd09c310c54c6861e1488fcd30ceffa5dcd6c2dfe9f8409f47a8266fdc698547"},
    {file = "pymongo-3.11.1-cp38-cp38-manylinux1_x86_64.whl", hash = "sha256:a08c60335a4b1c6348d5be176f379f7b69f2021d1ebaafb11586007f6268a423"},
    {file = "pymongo-3.11.1-cp38-cp38-manylinux2014_aarch64.whl", hash = "sha256:903396921ad52c63c423683a141391e28edb8b6dfbd2388a6848b052a9e23863"},
    {file = "pymongo-3.11.1-cp38-cp38-manylinux2014_i686.whl", hash = "sha256:2c0b0d201182bfbbfb2c679af3118ca53926a31d8c0c21e9b7943f8264ec0052"},
    {file = "pymongo-3.11.1-cp38-cp38-manylinux2014_ppc64le.whl", hash = "sha256:220216da1d4fb10f941ff5e408f2958896fe534283bb3b1c1c17d4b0ac5d8b45"},
    {file = "pymongo-3.11.1-cp38-cp38-manylinux2014_s390x.whl", hash = "sha256:5a07a9983e0bc51ad61a16c228d1b60d1f98f7df5f225f435b41f8921d335e06"},
    {file = "pymongo-3.11.1-cp38-cp38-manylinux2014_x86_64.whl", hash = "sha256:4f0023db6168f052ffeec435ca0608ffe8abac17a36b8084bdc348c978e08a23"},
    {file = "pymongo-3.11.1-cp38-cp38-win32.whl", hash = "sha256:ebf21c07353d313421212e8ac0b21b6161c81aa71a12471b58629e38c784a751"},
    {file = "pymongo-3.11.1-cp38-cp38-win_amd64.whl", hash = "sha256:c66de369d459f081a1860c58c6218da5e30a4c5d07277526f66f6c0b0efe742f"},
    {file = "pymongo-3.11.1-cp39-cp39-macosx_10_9_x86_64.whl", hash = "sha256:a122c9e30e49bbd8c5c423e3ea2bcff5deb8a2c504d88cbfc3c21b036295bbf3"},
    {file = "pymongo-3.11.1-cp39-cp39-manylinux1_i686.whl", hash = "sha256:00f6c32f86a5bd1cbefcc0a27ea06565628de3bb2e6786d3f0dce0330e70c958"},
    {file = "pymongo-3.11.1-cp39-cp39-manylinux1_x86_64.whl", hash = "sha256:cb81aa36a171ed1c28d615577ab5feae8e0b8e48818833663b446dd2bb8b53cd"},
    {file = "pymongo-3.11.1-cp39-cp39-manylinux2014_aarch64.whl", hash = "sha256:342248b25c193ab20e1145989455d614d4d553334576a72be600ee371fa5de41"},
    {file = "pymongo-3.11.1-cp39-cp39-manylinux2014_i686.whl", hash = "sha256:56bbbccf22fd91ae88b2dffe56dceb84d80fa808065e6bcbedb86ec7e0f84b3b"},
    {file = "pymongo-3.11.1-cp39-cp39-manylinux2014_ppc64le.whl", hash = "sha256:078e74cffb4955a454dd0955c3fa38327185a41447ac4e368f81c2f0c07e6559"},
    {file = "pymongo-3.11.1-cp39-cp39-manylinux2014_s390x.whl", hash = "sha256:251acfa87e07e47044ed7f6157fc63a95020bb4ee9d705fb2faf3b67e6a3574e"},
    {file = "pymongo-3.11.1-cp39-cp39-manylinux2014_x86_64.whl", hash = "sha256:4266ebb14bed0206c73e2f626949679c23a6f935ea4b60529d7c3551f2f3051a"},
    {file = "pymongo-3.11.1-cp39-cp39-win32.whl", hash = "sha256:613d30623bd1f9418d5a6999f73066b01831bf7c7789bc3fe2bf44b5fe5dc67d"},
    {file = "pymongo-3.11.1-cp39-cp39-win_amd64.whl", hash = "sha256:82bc20e554fe9175e6ae53db74c3f094c4d752a55e3b363b93ff93d87a868cb7"},
    {file = "pymongo-3.11.1-py2.7-macosx-10.14-intel.egg", hash = "sha256:3cf7726216a8792d147ba44433fddc19ed149531fb23899ce82d24a0a90ec2fd"},
    {file = "pymongo-3.11.1.tar.gz", hash = "sha256:a9c1a2538cd120283e7137ac97ce27ebdfcb675730c5055d6332b0043f4e5a55"},
]
